// !$*UTF8*$!
{
	archiveVersion = 1;
	classes = {
	};
	objectVersion = 47;
	objects = {

/* Begin PBXBuildFile section */
		540C91B61B67425800B72CDA /* app_list_sq.png in Resources */ = {isa = PBXBuildFile; fileRef = 540C91B31B67425800B72CDA /* app_list_sq.png */; };
		540C91B71B67425800B72CDA /* app_logo_truck.jpg in Resources */ = {isa = PBXBuildFile; fileRef = 540C91B41B67425800B72CDA /* app_logo_truck.jpg */; };
		540C91B81B67425800B72CDA /* app_map_sq.png in Resources */ = {isa = PBXBuildFile; fileRef = 540C91B51B67425800B72CDA /* app_map_sq.png */; };
		540C91BA1B67458700B72CDA /* rsz_app_map_sq.png in Resources */ = {isa = PBXBuildFile; fileRef = 540C91B91B67458700B72CDA /* rsz_app_map_sq.png */; };
		540C91BC1B67483500B72CDA /* rsz_app_list_sq.png in Resources */ = {isa = PBXBuildFile; fileRef = 540C91BB1B67483500B72CDA /* rsz_app_list_sq.png */; };
		540C91BE1B688D4000B72CDA /* FilterViewController.swift in Sources */ = {isa = PBXBuildFile; fileRef = 540C91BD1B688D4000B72CDA /* FilterViewController.swift */; };
		540C91C11B6895F800B72CDA /* ImageSelectedSmallOff.png in Resources */ = {isa = PBXBuildFile; fileRef = 540C91BF1B6895F800B72CDA /* ImageSelectedSmallOff.png */; };
		540C91C21B6895F800B72CDA /* ImageSelectedSmallOn.png in Resources */ = {isa = PBXBuildFile; fileRef = 540C91C01B6895F800B72CDA /* ImageSelectedSmallOn.png */; };
		5470F0541B63591E00587FBE /* Main.storyboard in Resources */ = {isa = PBXBuildFile; fileRef = 5470F0521B63591E00587FBE /* Main.storyboard */; };
		5470F05E1B6362C200587FBE /* app_logo.png in Resources */ = {isa = PBXBuildFile; fileRef = 5470F05D1B6362C200587FBE /* app_logo.png */; };
		5470F0601B63EC4500587FBE /* Icon-60@x2.png in Resources */ = {isa = PBXBuildFile; fileRef = 5470F05F1B63EC4500587FBE /* Icon-60@x2.png */; };
		5470F0631B63F0DD00587FBE /* Icon-76.png in Resources */ = {isa = PBXBuildFile; fileRef = 5470F0611B63F0DD00587FBE /* Icon-76.png */; };
		5470F0641B63F0DD00587FBE /* Icon-76@x2.png in Resources */ = {isa = PBXBuildFile; fileRef = 5470F0621B63F0DD00587FBE /* Icon-76@x2.png */; };
		5470F0661B63F58300587FBE /* Images.xcassets in Resources */ = {isa = PBXBuildFile; fileRef = 5470F0651B63F58300587FBE /* Images.xcassets */; };
		5470F0681B63F6EE00587FBE /* Icon-40.png in Resources */ = {isa = PBXBuildFile; fileRef = 5470F0671B63F6EE00587FBE /* Icon-40.png */; };
		5470F06A1B63F72300587FBE /* Icon-40@x2.png in Resources */ = {isa = PBXBuildFile; fileRef = 5470F0691B63F72300587FBE /* Icon-40@x2.png */; };
		547EBD211B77A507006584AB /* FilterImpl.swift in Sources */ = {isa = PBXBuildFile; fileRef = 547EBD201B77A507006584AB /* FilterImpl.swift */; };
		547EBD231B77D3FC006584AB /* Date.swift in Sources */ = {isa = PBXBuildFile; fileRef = 547EBD221B77D3FC006584AB /* Date.swift */; };
		547EBD291B77EE8B006584AB /* Icon-60@x3.png in Resources */ = {isa = PBXBuildFile; fileRef = 547EBD281B77EE8B006584AB /* Icon-60@x3.png */; };
		8604D8AE1A994AB4004898BE /* CoreDataModel.xcdatamodeld in Sources */ = {isa = PBXBuildFile; fileRef = 8604D8AC1A994AB4004898BE /* CoreDataModel.xcdatamodeld */; };
		8604D8B01A99A691004898BE /* ImageFetcher.swift in Sources */ = {isa = PBXBuildFile; fileRef = 8604D8AF1A99A691004898BE /* ImageFetcher.swift */; };
		8604D8BD1A9AF7E8004898BE /* Schedules.swift in Sources */ = {isa = PBXBuildFile; fileRef = 8604D8BC1A9AF7E8004898BE /* Schedules.swift */; };
		860646D21AB656DF0074F29B /* ScheduleAwareViewController.swift in Sources */ = {isa = PBXBuildFile; fileRef = 860646D11AB656DF0074F29B /* ScheduleAwareViewController.swift */; };
		8607BAD91AD225BB006D897A /* MapViewController.swift in Sources */ = {isa = PBXBuildFile; fileRef = 8607BAD81AD225BB006D897A /* MapViewController.swift */; };
		8608F36E1A95A5C3003CEE72 /* Trucks.swift in Sources */ = {isa = PBXBuildFile; fileRef = 8608F36D1A95A5C3003CEE72 /* Trucks.swift */; };
		8608F3721A97151C003CEE72 /* CollectionViewCell.swift in Sources */ = {isa = PBXBuildFile; fileRef = 8608F3711A97151C003CEE72 /* CollectionViewCell.swift */; };
		861DCECD1B36778C00AD593B /* AppDelegate.swift in Sources */ = {isa = PBXBuildFile; fileRef = 861DCECC1B36778C00AD593B /* AppDelegate.swift */; };
		861DCECF1B37149000AD593B /* CustomAnnotationView.swift in Sources */ = {isa = PBXBuildFile; fileRef = 861DCECE1B37149000AD593B /* CustomAnnotationView.swift */; };
		861DCED11B3719A700AD593B /* CustomAnnotationView.xib in Resources */ = {isa = PBXBuildFile; fileRef = 861DCED01B3719A700AD593B /* CustomAnnotationView.xib */; };
		861DCED31B3798B600AD593B /* CustomAnnotationViewCell.xib in Resources */ = {isa = PBXBuildFile; fileRef = 861DCED21B3798B600AD593B /* CustomAnnotationViewCell.xib */; };
		86251F791AEDE4990007BA6F /* TruckFetcher.swift in Sources */ = {isa = PBXBuildFile; fileRef = 86251F781AEDE4990007BA6F /* TruckFetcher.swift */; };
		8644575B1ABF46C900C1D282 /* TruckDetailViewController.swift in Sources */ = {isa = PBXBuildFile; fileRef = 8644575A1ABF46C900C1D282 /* TruckDetailViewController.swift */; };
		864457601ABF4B1800C1D282 /* TrucksTableViewController.swift in Sources */ = {isa = PBXBuildFile; fileRef = 8644575F1ABF4B1800C1D282 /* TrucksTableViewController.swift */; };
		866D43961B51E84000B34DC5 /* MapCollectionViewCell.swift in Sources */ = {isa = PBXBuildFile; fileRef = 866D43951B51E84000B34DC5 /* MapCollectionViewCell.swift */; };
		866D43981B52DACF00B34DC5 /* FilterProtocol.swift in Sources */ = {isa = PBXBuildFile; fileRef = 866D43971B52DACF00B34DC5 /* FilterProtocol.swift */; };
		866D439B1B53077D00B34DC5 /* AnnotationCreator.swift in Sources */ = {isa = PBXBuildFile; fileRef = 866D439A1B53077D00B34DC5 /* AnnotationCreator.swift */; };
		866D439D1B530F2300B34DC5 /* AnnotationViewCreator.swift in Sources */ = {isa = PBXBuildFile; fileRef = 866D439C1B530F2300B34DC5 /* AnnotationViewCreator.swift */; };
		86730DBC1AD9D5DE000F3236 /* LargeImageViewController.swift in Sources */ = {isa = PBXBuildFile; fileRef = 86730DBB1AD9D5DE000F3236 /* LargeImageViewController.swift */; };
		86C961F21AA1AD9800061880 /* WebService.swift in Sources */ = {isa = PBXBuildFile; fileRef = 86C961F11AA1AD9800061880 /* WebService.swift */; };
		86C961F41AA1B00600061880 /* Images.swift in Sources */ = {isa = PBXBuildFile; fileRef = 86C961F31AA1B00600061880 /* Images.swift */; };
		86C962261AA262EB00061880 /* ScheduleFetcher.swift in Sources */ = {isa = PBXBuildFile; fileRef = 86C962251AA262EB00061880 /* ScheduleFetcher.swift */; };
		86C962291AA2A8F300061880 /* TableCellCustomView.swift in Sources */ = {isa = PBXBuildFile; fileRef = 86C962281AA2A8F300061880 /* TableCellCustomView.swift */; };
		86C9622C1AA3EFAA00061880 /* FoodTruckMapAnnotation.swift in Sources */ = {isa = PBXBuildFile; fileRef = 86C9622B1AA3EFAA00061880 /* FoodTruckMapAnnotation.swift */; };
		86C972401ABF4ECB0010E931 /* TruckTableCellCustomView.swift in Sources */ = {isa = PBXBuildFile; fileRef = 86C9723F1ABF4ECB0010E931 /* TruckTableCellCustomView.swift */; };
		86CD22141A9324E60029C2C0 /* AboutViewController.swift in Sources */ = {isa = PBXBuildFile; fileRef = 86CD22131A9324E60029C2C0 /* AboutViewController.swift */; };
		86EC6EDA1A86C3A000940D9F /* ViewController.swift in Sources */ = {isa = PBXBuildFile; fileRef = 86EC6ED91A86C3A000940D9F /* ViewController.swift */; };
		86EC6EDF1A86C3A000940D9F /* Images.xcassets in Resources */ = {isa = PBXBuildFile; fileRef = 86EC6EDE1A86C3A000940D9F /* Images.xcassets */; };
		86EC6EE21A86C3A000940D9F /* LaunchScreen.xib in Resources */ = {isa = PBXBuildFile; fileRef = 86EC6EE01A86C3A000940D9F /* LaunchScreen.xib */; };
		86EC6F001A87300500940D9F /* ContainerViewController.swift in Sources */ = {isa = PBXBuildFile; fileRef = 86EC6EFF1A87300500940D9F /* ContainerViewController.swift */; };
		86EC6F021A8815DC00940D9F /* TableViewController.swift in Sources */ = {isa = PBXBuildFile; fileRef = 86EC6F011A8815DC00940D9F /* TableViewController.swift */; };
		86EC6F041A881D6400940D9F /* MapKit.framework in Frameworks */ = {isa = PBXBuildFile; fileRef = 86EC6F031A881D6400940D9F /* MapKit.framework */; };
		86EC6F061A884BA900940D9F /* EmptySegue.swift in Sources */ = {isa = PBXBuildFile; fileRef = 86EC6F051A884BA900940D9F /* EmptySegue.swift */; };
		97E6FDBCA71FBC4A3BD91992 /* libPods.a in Frameworks */ = {isa = PBXBuildFile; fileRef = FA1F7C1919BB68F3FD579BED /* libPods.a */; };
/* End PBXBuildFile section */

/* Begin PBXFileReference section */
		5057F38A62ADB66B4FF16F86 /* Pods.release.xcconfig */ = {isa = PBXFileReference; includeInIndex = 1; lastKnownFileType = text.xcconfig; name = Pods.release.xcconfig; path = "Pods/Target Support Files/Pods/Pods.release.xcconfig"; sourceTree = "<group>"; };
		540C91B31B67425800B72CDA /* app_list_sq.png */ = {isa = PBXFileReference; lastKnownFileType = image.png; path = app_list_sq.png; sourceTree = "<group>"; };
		540C91B41B67425800B72CDA /* app_logo_truck.jpg */ = {isa = PBXFileReference; lastKnownFileType = image.jpeg; path = app_logo_truck.jpg; sourceTree = "<group>"; };
		540C91B51B67425800B72CDA /* app_map_sq.png */ = {isa = PBXFileReference; lastKnownFileType = image.png; path = app_map_sq.png; sourceTree = "<group>"; };
		540C91B91B67458700B72CDA /* rsz_app_map_sq.png */ = {isa = PBXFileReference; lastKnownFileType = image.png; path = rsz_app_map_sq.png; sourceTree = "<group>"; };
		540C91BB1B67483500B72CDA /* rsz_app_list_sq.png */ = {isa = PBXFileReference; lastKnownFileType = image.png; path = rsz_app_list_sq.png; sourceTree = "<group>"; };
		540C91BD1B688D4000B72CDA /* FilterViewController.swift */ = {isa = PBXFileReference; fileEncoding = 4; lastKnownFileType = sourcecode.swift; path = FilterViewController.swift; sourceTree = "<group>"; };
		540C91BF1B6895F800B72CDA /* ImageSelectedSmallOff.png */ = {isa = PBXFileReference; lastKnownFileType = image.png; path = ImageSelectedSmallOff.png; sourceTree = "<group>"; };
		540C91C01B6895F800B72CDA /* ImageSelectedSmallOn.png */ = {isa = PBXFileReference; lastKnownFileType = image.png; path = ImageSelectedSmallOn.png; sourceTree = "<group>"; };
		5470F0531B63591E00587FBE /* Base */ = {isa = PBXFileReference; lastKnownFileType = file.storyboard; name = Base; path = Base.lproj/Main.storyboard; sourceTree = "<group>"; };
		5470F05D1B6362C200587FBE /* app_logo.png */ = {isa = PBXFileReference; lastKnownFileType = image.png; path = app_logo.png; sourceTree = "<group>"; };
		5470F05F1B63EC4500587FBE /* Icon-60@x2.png */ = {isa = PBXFileReference; lastKnownFileType = image.png; path = "Icon-60@x2.png"; sourceTree = "<group>"; };
		5470F0611B63F0DD00587FBE /* Icon-76.png */ = {isa = PBXFileReference; lastKnownFileType = image.png; path = "Icon-76.png"; sourceTree = "<group>"; };
		5470F0621B63F0DD00587FBE /* Icon-76@x2.png */ = {isa = PBXFileReference; lastKnownFileType = image.png; path = "Icon-76@x2.png"; sourceTree = "<group>"; };
		5470F0651B63F58300587FBE /* Images.xcassets */ = {isa = PBXFileReference; lastKnownFileType = folder.assetcatalog; path = Images.xcassets; sourceTree = "<group>"; };
		5470F0671B63F6EE00587FBE /* Icon-40.png */ = {isa = PBXFileReference; lastKnownFileType = image.png; path = "Icon-40.png"; sourceTree = "<group>"; };
		5470F0691B63F72300587FBE /* Icon-40@x2.png */ = {isa = PBXFileReference; lastKnownFileType = image.png; path = "Icon-40@x2.png"; sourceTree = "<group>"; };
		547EBD201B77A507006584AB /* FilterImpl.swift */ = {isa = PBXFileReference; fileEncoding = 4; lastKnownFileType = sourcecode.swift; path = FilterImpl.swift; sourceTree = "<group>"; };
		547EBD221B77D3FC006584AB /* Date.swift */ = {isa = PBXFileReference; fileEncoding = 4; lastKnownFileType = sourcecode.swift; path = Date.swift; sourceTree = "<group>"; };
		547EBD281B77EE8B006584AB /* Icon-60@x3.png */ = {isa = PBXFileReference; lastKnownFileType = image.png; name = "Icon-60@x3.png"; path = "Images.xcassets/TheBiteMapAppIcon.appiconset/Icon-60@x3.png"; sourceTree = SOURCE_ROOT; };
		8604D8AD1A994AB4004898BE /* CoreDataModel.xcdatamodel */ = {isa = PBXFileReference; lastKnownFileType = wrapper.xcdatamodel; path = CoreDataModel.xcdatamodel; sourceTree = "<group>"; };
		8604D8AF1A99A691004898BE /* ImageFetcher.swift */ = {isa = PBXFileReference; fileEncoding = 4; lastKnownFileType = sourcecode.swift; path = ImageFetcher.swift; sourceTree = "<group>"; };
		8604D8BC1A9AF7E8004898BE /* Schedules.swift */ = {isa = PBXFileReference; fileEncoding = 4; lastKnownFileType = sourcecode.swift; path = Schedules.swift; sourceTree = "<group>"; };
		860646D11AB656DF0074F29B /* ScheduleAwareViewController.swift */ = {isa = PBXFileReference; fileEncoding = 4; lastKnownFileType = sourcecode.swift; path = ScheduleAwareViewController.swift; sourceTree = "<group>"; };
		8607BAD81AD225BB006D897A /* MapViewController.swift */ = {isa = PBXFileReference; fileEncoding = 4; lastKnownFileType = sourcecode.swift; path = MapViewController.swift; sourceTree = "<group>"; };
		8608F36D1A95A5C3003CEE72 /* Trucks.swift */ = {isa = PBXFileReference; fileEncoding = 4; lastKnownFileType = sourcecode.swift; path = Trucks.swift; sourceTree = "<group>"; };
		8608F3711A97151C003CEE72 /* CollectionViewCell.swift */ = {isa = PBXFileReference; fileEncoding = 4; lastKnownFileType = sourcecode.swift; path = CollectionViewCell.swift; sourceTree = "<group>"; };
		861DCECC1B36778C00AD593B /* AppDelegate.swift */ = {isa = PBXFileReference; fileEncoding = 4; lastKnownFileType = sourcecode.swift; path = AppDelegate.swift; sourceTree = "<group>"; };
		861DCECE1B37149000AD593B /* CustomAnnotationView.swift */ = {isa = PBXFileReference; fileEncoding = 4; lastKnownFileType = sourcecode.swift; path = CustomAnnotationView.swift; sourceTree = "<group>"; };
		861DCED01B3719A700AD593B /* CustomAnnotationView.xib */ = {isa = PBXFileReference; fileEncoding = 4; lastKnownFileType = file.xib; path = CustomAnnotationView.xib; sourceTree = "<group>"; };
		861DCED21B3798B600AD593B /* CustomAnnotationViewCell.xib */ = {isa = PBXFileReference; fileEncoding = 4; lastKnownFileType = file.xib; path = CustomAnnotationViewCell.xib; sourceTree = "<group>"; };
		86251F781AEDE4990007BA6F /* TruckFetcher.swift */ = {isa = PBXFileReference; fileEncoding = 4; lastKnownFileType = sourcecode.swift; path = TruckFetcher.swift; sourceTree = "<group>"; };
		8644575A1ABF46C900C1D282 /* TruckDetailViewController.swift */ = {isa = PBXFileReference; fileEncoding = 4; lastKnownFileType = sourcecode.swift; path = TruckDetailViewController.swift; sourceTree = "<group>"; };
		8644575F1ABF4B1800C1D282 /* TrucksTableViewController.swift */ = {isa = PBXFileReference; fileEncoding = 4; lastKnownFileType = sourcecode.swift; path = TrucksTableViewController.swift; sourceTree = "<group>"; };
		866D43951B51E84000B34DC5 /* MapCollectionViewCell.swift */ = {isa = PBXFileReference; fileEncoding = 4; lastKnownFileType = sourcecode.swift; path = MapCollectionViewCell.swift; sourceTree = "<group>"; };
		866D43971B52DACF00B34DC5 /* FilterProtocol.swift */ = {isa = PBXFileReference; fileEncoding = 4; lastKnownFileType = sourcecode.swift; path = FilterProtocol.swift; sourceTree = "<group>"; };
		866D439A1B53077D00B34DC5 /* AnnotationCreator.swift */ = {isa = PBXFileReference; fileEncoding = 4; lastKnownFileType = sourcecode.swift; path = AnnotationCreator.swift; sourceTree = "<group>"; };
		866D439C1B530F2300B34DC5 /* AnnotationViewCreator.swift */ = {isa = PBXFileReference; fileEncoding = 4; lastKnownFileType = sourcecode.swift; path = AnnotationViewCreator.swift; sourceTree = "<group>"; };
		86730DBB1AD9D5DE000F3236 /* LargeImageViewController.swift */ = {isa = PBXFileReference; fileEncoding = 4; lastKnownFileType = sourcecode.swift; path = LargeImageViewController.swift; sourceTree = "<group>"; };
		867414D41A8C710700203276 /* Dropdown-mnm-Header.h */ = {isa = PBXFileReference; fileEncoding = 4; lastKnownFileType = sourcecode.c.h; path = "Dropdown-mnm-Header.h"; sourceTree = "<group>"; };
		86C961F11AA1AD9800061880 /* WebService.swift */ = {isa = PBXFileReference; fileEncoding = 4; lastKnownFileType = sourcecode.swift; path = WebService.swift; sourceTree = "<group>"; };
		86C961F31AA1B00600061880 /* Images.swift */ = {isa = PBXFileReference; fileEncoding = 4; lastKnownFileType = sourcecode.swift; path = Images.swift; sourceTree = "<group>"; };
		86C962251AA262EB00061880 /* ScheduleFetcher.swift */ = {isa = PBXFileReference; fileEncoding = 4; lastKnownFileType = sourcecode.swift; path = ScheduleFetcher.swift; sourceTree = "<group>"; };
		86C962281AA2A8F300061880 /* TableCellCustomView.swift */ = {isa = PBXFileReference; fileEncoding = 4; lastKnownFileType = sourcecode.swift; path = TableCellCustomView.swift; sourceTree = "<group>"; };
		86C9622B1AA3EFAA00061880 /* FoodTruckMapAnnotation.swift */ = {isa = PBXFileReference; fileEncoding = 4; lastKnownFileType = sourcecode.swift; path = FoodTruckMapAnnotation.swift; sourceTree = "<group>"; };
		86C9723F1ABF4ECB0010E931 /* TruckTableCellCustomView.swift */ = {isa = PBXFileReference; fileEncoding = 4; lastKnownFileType = sourcecode.swift; path = TruckTableCellCustomView.swift; sourceTree = "<group>"; };
		86CD22131A9324E60029C2C0 /* AboutViewController.swift */ = {isa = PBXFileReference; fileEncoding = 4; lastKnownFileType = sourcecode.swift; path = AboutViewController.swift; sourceTree = "<group>"; };
		86EC6ED21A86C3A000940D9F /* bitemap.app */ = {isa = PBXFileReference; explicitFileType = wrapper.application; includeInIndex = 0; path = bitemap.app; sourceTree = BUILT_PRODUCTS_DIR; };
		86EC6ED61A86C3A000940D9F /* Info.plist */ = {isa = PBXFileReference; lastKnownFileType = text.plist.xml; path = Info.plist; sourceTree = "<group>"; };
		86EC6ED91A86C3A000940D9F /* ViewController.swift */ = {isa = PBXFileReference; lastKnownFileType = sourcecode.swift; path = ViewController.swift; sourceTree = "<group>"; };
		86EC6EDE1A86C3A000940D9F /* Images.xcassets */ = {isa = PBXFileReference; lastKnownFileType = folder.assetcatalog; path = Images.xcassets; sourceTree = "<group>"; };
		86EC6EE11A86C3A000940D9F /* Base */ = {isa = PBXFileReference; lastKnownFileType = file.xib; name = Base; path = Base.lproj/LaunchScreen.xib; sourceTree = "<group>"; };
		86EC6EEC1A86C3A000940D9F /* Info.plist */ = {isa = PBXFileReference; lastKnownFileType = text.plist.xml; path = Info.plist; sourceTree = "<group>"; };
		86EC6EED1A86C3A000940D9F /* Food_Truck_DemoTests.swift */ = {isa = PBXFileReference; lastKnownFileType = sourcecode.swift; path = Food_Truck_DemoTests.swift; sourceTree = "<group>"; };
		86EC6EFF1A87300500940D9F /* ContainerViewController.swift */ = {isa = PBXFileReference; fileEncoding = 4; lastKnownFileType = sourcecode.swift; path = ContainerViewController.swift; sourceTree = "<group>"; };
		86EC6F011A8815DC00940D9F /* TableViewController.swift */ = {isa = PBXFileReference; fileEncoding = 4; lastKnownFileType = sourcecode.swift; path = TableViewController.swift; sourceTree = "<group>"; };
		86EC6F031A881D6400940D9F /* MapKit.framework */ = {isa = PBXFileReference; lastKnownFileType = wrapper.framework; name = MapKit.framework; path = System/Library/Frameworks/MapKit.framework; sourceTree = SDKROOT; };
		86EC6F051A884BA900940D9F /* EmptySegue.swift */ = {isa = PBXFileReference; fileEncoding = 4; lastKnownFileType = sourcecode.swift; path = EmptySegue.swift; sourceTree = "<group>"; };
		FA1F7C1919BB68F3FD579BED /* libPods.a */ = {isa = PBXFileReference; explicitFileType = archive.ar; includeInIndex = 0; path = libPods.a; sourceTree = BUILT_PRODUCTS_DIR; };
		FAF23B6146A4CC5007D63A69 /* Pods.debug.xcconfig */ = {isa = PBXFileReference; includeInIndex = 1; lastKnownFileType = text.xcconfig; name = Pods.debug.xcconfig; path = "Pods/Target Support Files/Pods/Pods.debug.xcconfig"; sourceTree = "<group>"; };
/* End PBXFileReference section */

/* Begin PBXFrameworksBuildPhase section */
		86EC6ECF1A86C3A000940D9F /* Frameworks */ = {
			isa = PBXFrameworksBuildPhase;
			buildActionMask = 2147483647;
			files = (
				86EC6F041A881D6400940D9F /* MapKit.framework in Frameworks */,
				97E6FDBCA71FBC4A3BD91992 /* libPods.a in Frameworks */,
			);
			runOnlyForDeploymentPostprocessing = 0;
		};
/* End PBXFrameworksBuildPhase section */

/* Begin PBXGroup section */
		2A6B5286A3361B52CF43DD15 /* Pods */ = {
			isa = PBXGroup;
			children = (
				FAF23B6146A4CC5007D63A69 /* Pods.debug.xcconfig */,
				5057F38A62ADB66B4FF16F86 /* Pods.release.xcconfig */,
			);
			name = Pods;
			sourceTree = "<group>";
		};
		8604D8BB1A9AF725004898BE /* WebServices */ = {
			isa = PBXGroup;
			children = (
				8604D8AF1A99A691004898BE /* ImageFetcher.swift */,
				86C962251AA262EB00061880 /* ScheduleFetcher.swift */,
				86C961F11AA1AD9800061880 /* WebService.swift */,
				86251F781AEDE4990007BA6F /* TruckFetcher.swift */,
				547EBD221B77D3FC006584AB /* Date.swift */,
			);
			name = WebServices;
			sourceTree = "<group>";
		};
		86251F741AEDCF230007BA6F /* Image */ = {
			isa = PBXGroup;
			children = (
			);
			name = Image;
			sourceTree = "<group>";
		};
		86251F751AEDCF470007BA6F /* ViewControllers */ = {
			isa = PBXGroup;
			children = (
				866D43991B53074A00B34DC5 /* Map */,
				86CD22131A9324E60029C2C0 /* AboutViewController.swift */,
				86EC6EFF1A87300500940D9F /* ContainerViewController.swift */,
				86730DBB1AD9D5DE000F3236 /* LargeImageViewController.swift */,
				860646D11AB656DF0074F29B /* ScheduleAwareViewController.swift */,
				86EC6F011A8815DC00940D9F /* TableViewController.swift */,
				8644575A1ABF46C900C1D282 /* TruckDetailViewController.swift */,
				8644575F1ABF4B1800C1D282 /* TrucksTableViewController.swift */,
				86EC6ED91A86C3A000940D9F /* ViewController.swift */,
				540C91BD1B688D4000B72CDA /* FilterViewController.swift */,
				547EBD201B77A507006584AB /* FilterImpl.swift */,
			);
			name = ViewControllers;
			sourceTree = "<group>";
		};
		86251F771AEDCFBD0007BA6F /* Cell */ = {
			isa = PBXGroup;
			children = (
				8608F3711A97151C003CEE72 /* CollectionViewCell.swift */,
				86C962281AA2A8F300061880 /* TableCellCustomView.swift */,
				86C9723F1ABF4ECB0010E931 /* TruckTableCellCustomView.swift */,
				866D43951B51E84000B34DC5 /* MapCollectionViewCell.swift */,
			);
			name = Cell;
			sourceTree = "<group>";
		};
		866D43991B53074A00B34DC5 /* Map */ = {
			isa = PBXGroup;
			children = (
				8607BAD81AD225BB006D897A /* MapViewController.swift */,
				866D439A1B53077D00B34DC5 /* AnnotationCreator.swift */,
				866D439C1B530F2300B34DC5 /* AnnotationViewCreator.swift */,
			);
			name = Map;
			sourceTree = "<group>";
		};
		86C962271AA286EF00061880 /* Model */ = {
			isa = PBXGroup;
			children = (
				86251F771AEDCFBD0007BA6F /* Cell */,
				86C9622B1AA3EFAA00061880 /* FoodTruckMapAnnotation.swift */,
				8608F36D1A95A5C3003CEE72 /* Trucks.swift */,
				8604D8BC1A9AF7E8004898BE /* Schedules.swift */,
				86C961F31AA1B00600061880 /* Images.swift */,
			);
			name = Model;
			sourceTree = "<group>";
		};
		86EC6EC91A86C3A000940D9F = {
			isa = PBXGroup;
			children = (
				5470F0651B63F58300587FBE /* Images.xcassets */,
				861DCED21B3798B600AD593B /* CustomAnnotationViewCell.xib */,
				86EC6F031A881D6400940D9F /* MapKit.framework */,
				86EC6ED41A86C3A000940D9F /* TheBiteMap */,
				86EC6EEA1A86C3A000940D9F /* TheBiteMapTests */,
				86EC6ED31A86C3A000940D9F /* Products */,
				2A6B5286A3361B52CF43DD15 /* Pods */,
				FD382980F2B97091ABA7F36D /* Frameworks */,
			);
			sourceTree = "<group>";
		};
		86EC6ED31A86C3A000940D9F /* Products */ = {
			isa = PBXGroup;
			children = (
				86EC6ED21A86C3A000940D9F /* bitemap.app */,
			);
			name = Products;
			sourceTree = "<group>";
		};
		86EC6ED41A86C3A000940D9F /* TheBiteMap */ = {
			isa = PBXGroup;
			children = (
				5470F0521B63591E00587FBE /* Main.storyboard */,
				861DCECC1B36778C00AD593B /* AppDelegate.swift */,
				867414D41A8C710700203276 /* Dropdown-mnm-Header.h */,
				86EC6F051A884BA900940D9F /* EmptySegue.swift */,
				86EC6EDE1A86C3A000940D9F /* Images.xcassets */,
				8604D8AC1A994AB4004898BE /* CoreDataModel.xcdatamodeld */,
				86251F741AEDCF230007BA6F /* Image */,
				86EC6EE01A86C3A000940D9F /* LaunchScreen.xib */,
				861DCED01B3719A700AD593B /* CustomAnnotationView.xib */,
				861DCECE1B37149000AD593B /* CustomAnnotationView.swift */,
				86C962271AA286EF00061880 /* Model */,
				86EC6ED51A86C3A000940D9F /* Supporting Files */,
				86251F751AEDCF470007BA6F /* ViewControllers */,
				8604D8BB1A9AF725004898BE /* WebServices */,
				866D43971B52DACF00B34DC5 /* FilterProtocol.swift */,
			);
			path = TheBiteMap;
			sourceTree = "<group>";
		};
		86EC6ED51A86C3A000940D9F /* Supporting Files */ = {
			isa = PBXGroup;
			children = (
				547EBD281B77EE8B006584AB /* Icon-60@x3.png */,
				540C91BF1B6895F800B72CDA /* ImageSelectedSmallOff.png */,
				540C91C01B6895F800B72CDA /* ImageSelectedSmallOn.png */,
				540C91BB1B67483500B72CDA /* rsz_app_list_sq.png */,
				540C91B91B67458700B72CDA /* rsz_app_map_sq.png */,
				540C91B31B67425800B72CDA /* app_list_sq.png */,
				540C91B41B67425800B72CDA /* app_logo_truck.jpg */,
				540C91B51B67425800B72CDA /* app_map_sq.png */,
				5470F0691B63F72300587FBE /* Icon-40@x2.png */,
				5470F0671B63F6EE00587FBE /* Icon-40.png */,
				5470F0611B63F0DD00587FBE /* Icon-76.png */,
				5470F0621B63F0DD00587FBE /* Icon-76@x2.png */,
				5470F05F1B63EC4500587FBE /* Icon-60@x2.png */,
				5470F05D1B6362C200587FBE /* app_logo.png */,
				86EC6ED61A86C3A000940D9F /* Info.plist */,
			);
			name = "Supporting Files";
			sourceTree = "<group>";
		};
		86EC6EEA1A86C3A000940D9F /* TheBiteMapTests */ = {
			isa = PBXGroup;
			children = (
				86EC6EED1A86C3A000940D9F /* Food_Truck_DemoTests.swift */,
				86EC6EEB1A86C3A000940D9F /* Supporting Files */,
			);
			path = TheBiteMapTests;
			sourceTree = "<group>";
		};
		86EC6EEB1A86C3A000940D9F /* Supporting Files */ = {
			isa = PBXGroup;
			children = (
				86EC6EEC1A86C3A000940D9F /* Info.plist */,
			);
			name = "Supporting Files";
			sourceTree = "<group>";
		};
		FD382980F2B97091ABA7F36D /* Frameworks */ = {
			isa = PBXGroup;
			children = (
				FA1F7C1919BB68F3FD579BED /* libPods.a */,
			);
			name = Frameworks;
			sourceTree = "<group>";
		};
/* End PBXGroup section */

/* Begin PBXNativeTarget section */
		86EC6ED11A86C3A000940D9F /* bitemap */ = {
			isa = PBXNativeTarget;
			buildConfigurationList = 86EC6EF11A86C3A000940D9F /* Build configuration list for PBXNativeTarget "bitemap" */;
			buildPhases = (
				974BA1DDBEC62A9983549224 /* Check Pods Manifest.lock */,
				86EC6ECE1A86C3A000940D9F /* Sources */,
				86EC6ECF1A86C3A000940D9F /* Frameworks */,
				86EC6ED01A86C3A000940D9F /* Resources */,
				35396E461F610B7AC54038F3 /* Copy Pods Resources */,
			);
			buildRules = (
			);
			dependencies = (
			);
			name = bitemap;
			productName = "Food Truck Demo";
			productReference = 86EC6ED21A86C3A000940D9F /* bitemap.app */;
			productType = "com.apple.product-type.application";
		};
/* End PBXNativeTarget section */

/* Begin PBXProject section */
		86EC6ECA1A86C3A000940D9F /* Project object */ = {
			isa = PBXProject;
			attributes = {
				LastSwiftUpdateCheck = 0700;
				LastUpgradeCheck = 0610;
				ORGANIZATIONNAME = "Shaobo Sun";
				TargetAttributes = {
					86EC6ED11A86C3A000940D9F = {
						CreatedOnToolsVersion = 6.1.1;
						DevelopmentTeam = ZMW96CAGCX;
					};
				};
			};
			buildConfigurationList = 86EC6ECD1A86C3A000940D9F /* Build configuration list for PBXProject "bitemap" */;
			compatibilityVersion = "Xcode 6.3";
			developmentRegion = English;
			hasScannedForEncodings = 0;
			knownRegions = (
				en,
				Base,
			);
			mainGroup = 86EC6EC91A86C3A000940D9F;
			productRefGroup = 86EC6ED31A86C3A000940D9F /* Products */;
			projectDirPath = "";
			projectRoot = "";
			targets = (
				86EC6ED11A86C3A000940D9F /* bitemap */,
			);
		};
/* End PBXProject section */

/* Begin PBXResourcesBuildPhase section */
		86EC6ED01A86C3A000940D9F /* Resources */ = {
			isa = PBXResourcesBuildPhase;
			buildActionMask = 2147483647;
			files = (
				547EBD291B77EE8B006584AB /* Icon-60@x3.png in Resources */,
				540C91B71B67425800B72CDA /* app_logo_truck.jpg in Resources */,
				5470F0601B63EC4500587FBE /* Icon-60@x2.png in Resources */,
				540C91B81B67425800B72CDA /* app_map_sq.png in Resources */,
				540C91C21B6895F800B72CDA /* ImageSelectedSmallOn.png in Resources */,
				5470F0661B63F58300587FBE /* Images.xcassets in Resources */,
				540C91BA1B67458700B72CDA /* rsz_app_map_sq.png in Resources */,
				86EC6EE21A86C3A000940D9F /* LaunchScreen.xib in Resources */,
				5470F0541B63591E00587FBE /* Main.storyboard in Resources */,
				86EC6EDF1A86C3A000940D9F /* Images.xcassets in Resources */,
				5470F06A1B63F72300587FBE /* Icon-40@x2.png in Resources */,
				861DCED31B3798B600AD593B /* CustomAnnotationViewCell.xib in Resources */,
				861DCED11B3719A700AD593B /* CustomAnnotationView.xib in Resources */,
				5470F05E1B6362C200587FBE /* app_logo.png in Resources */,
				540C91C11B6895F800B72CDA /* ImageSelectedSmallOff.png in Resources */,
				5470F0641B63F0DD00587FBE /* Icon-76@x2.png in Resources */,
				5470F0681B63F6EE00587FBE /* Icon-40.png in Resources */,
				540C91B61B67425800B72CDA /* app_list_sq.png in Resources */,
				5470F0631B63F0DD00587FBE /* Icon-76.png in Resources */,
				540C91BC1B67483500B72CDA /* rsz_app_list_sq.png in Resources */,
			);
			runOnlyForDeploymentPostprocessing = 0;
		};
/* End PBXResourcesBuildPhase section */

/* Begin PBXShellScriptBuildPhase section */
		35396E461F610B7AC54038F3 /* Copy Pods Resources */ = {
			isa = PBXShellScriptBuildPhase;
			buildActionMask = 2147483647;
			files = (
			);
			inputPaths = (
			);
			name = "Copy Pods Resources";
			outputPaths = (
			);
			runOnlyForDeploymentPostprocessing = 0;
			shellPath = /bin/sh;
			shellScript = "\"${SRCROOT}/Pods/Target Support Files/Pods/Pods-resources.sh\"\n";
			showEnvVarsInLog = 0;
		};
		974BA1DDBEC62A9983549224 /* Check Pods Manifest.lock */ = {
			isa = PBXShellScriptBuildPhase;
			buildActionMask = 2147483647;
			files = (
			);
			inputPaths = (
			);
			name = "Check Pods Manifest.lock";
			outputPaths = (
			);
			runOnlyForDeploymentPostprocessing = 0;
			shellPath = /bin/sh;
			shellScript = "diff \"${PODS_ROOT}/../Podfile.lock\" \"${PODS_ROOT}/Manifest.lock\" > /dev/null\nif [[ $? != 0 ]] ; then\n    cat << EOM\nerror: The sandbox is not in sync with the Podfile.lock. Run 'pod install' or update your CocoaPods installation.\nEOM\n    exit 1\nfi\n";
			showEnvVarsInLog = 0;
		};
/* End PBXShellScriptBuildPhase section */

/* Begin PBXSourcesBuildPhase section */
		86EC6ECE1A86C3A000940D9F /* Sources */ = {
			isa = PBXSourcesBuildPhase;
			buildActionMask = 2147483647;
			files = (
				860646D21AB656DF0074F29B /* ScheduleAwareViewController.swift in Sources */,
				86C962291AA2A8F300061880 /* TableCellCustomView.swift in Sources */,
				86EC6EDA1A86C3A000940D9F /* ViewController.swift in Sources */,
				864457601ABF4B1800C1D282 /* TrucksTableViewController.swift in Sources */,
				86EC6F001A87300500940D9F /* ContainerViewController.swift in Sources */,
				547EBD211B77A507006584AB /* FilterImpl.swift in Sources */,
				8604D8AE1A994AB4004898BE /* CoreDataModel.xcdatamodeld in Sources */,
				86C962261AA262EB00061880 /* ScheduleFetcher.swift in Sources */,
				86C961F21AA1AD9800061880 /* WebService.swift in Sources */,
				866D439D1B530F2300B34DC5 /* AnnotationViewCreator.swift in Sources */,
				86CD22141A9324E60029C2C0 /* AboutViewController.swift in Sources */,
				86EC6F021A8815DC00940D9F /* TableViewController.swift in Sources */,
				8604D8B01A99A691004898BE /* ImageFetcher.swift in Sources */,
				8607BAD91AD225BB006D897A /* MapViewController.swift in Sources */,
				8604D8BD1A9AF7E8004898BE /* Schedules.swift in Sources */,
				866D43981B52DACF00B34DC5 /* FilterProtocol.swift in Sources */,
				86C961F41AA1B00600061880 /* Images.swift in Sources */,
				540C91BE1B688D4000B72CDA /* FilterViewController.swift in Sources */,
				8644575B1ABF46C900C1D282 /* TruckDetailViewController.swift in Sources */,
				866D439B1B53077D00B34DC5 /* AnnotationCreator.swift in Sources */,
				866D43961B51E84000B34DC5 /* MapCollectionViewCell.swift in Sources */,
				8608F36E1A95A5C3003CEE72 /* Trucks.swift in Sources */,
				86C972401ABF4ECB0010E931 /* TruckTableCellCustomView.swift in Sources */,
				86730DBC1AD9D5DE000F3236 /* LargeImageViewController.swift in Sources */,
				86EC6F061A884BA900940D9F /* EmptySegue.swift in Sources */,
				86251F791AEDE4990007BA6F /* TruckFetcher.swift in Sources */,
				86C9622C1AA3EFAA00061880 /* FoodTruckMapAnnotation.swift in Sources */,
				547EBD231B77D3FC006584AB /* Date.swift in Sources */,
				8608F3721A97151C003CEE72 /* CollectionViewCell.swift in Sources */,
				861DCECF1B37149000AD593B /* CustomAnnotationView.swift in Sources */,
				861DCECD1B36778C00AD593B /* AppDelegate.swift in Sources */,
			);
			runOnlyForDeploymentPostprocessing = 0;
		};
/* End PBXSourcesBuildPhase section */

/* Begin PBXVariantGroup section */
		5470F0521B63591E00587FBE /* Main.storyboard */ = {
			isa = PBXVariantGroup;
			children = (
				5470F0531B63591E00587FBE /* Base */,
			);
			name = Main.storyboard;
			sourceTree = "<group>";
		};
		86EC6EE01A86C3A000940D9F /* LaunchScreen.xib */ = {
			isa = PBXVariantGroup;
			children = (
				86EC6EE11A86C3A000940D9F /* Base */,
			);
			name = LaunchScreen.xib;
			sourceTree = "<group>";
		};
/* End PBXVariantGroup section */

/* Begin XCBuildConfiguration section */
		86EC6EEF1A86C3A000940D9F /* Debug */ = {
			isa = XCBuildConfiguration;
			buildSettings = {
				ALWAYS_SEARCH_USER_PATHS = NO;
				CLANG_CXX_LANGUAGE_STANDARD = "gnu++0x";
				CLANG_CXX_LIBRARY = "libc++";
				CLANG_ENABLE_MODULES = YES;
				CLANG_ENABLE_OBJC_ARC = YES;
				CLANG_WARN_BOOL_CONVERSION = YES;
				CLANG_WARN_CONSTANT_CONVERSION = YES;
				CLANG_WARN_DIRECT_OBJC_ISA_USAGE = YES_ERROR;
				CLANG_WARN_EMPTY_BODY = YES;
				CLANG_WARN_ENUM_CONVERSION = YES;
				CLANG_WARN_INT_CONVERSION = YES;
				CLANG_WARN_OBJC_ROOT_CLASS = YES_ERROR;
				CLANG_WARN_UNREACHABLE_CODE = YES;
				CLANG_WARN__DUPLICATE_METHOD_MATCH = YES;
				"CODE_SIGN_IDENTITY[sdk=iphoneos*]" = "iPhone Developer";
				COPY_PHASE_STRIP = NO;
				ENABLE_STRICT_OBJC_MSGSEND = YES;
				GCC_C_LANGUAGE_STANDARD = gnu99;
				GCC_DYNAMIC_NO_PIC = NO;
				GCC_OPTIMIZATION_LEVEL = 0;
				GCC_PREPROCESSOR_DEFINITIONS = (
					"DEBUG=1",
					"$(inherited)",
				);
				GCC_SYMBOLS_PRIVATE_EXTERN = NO;
				GCC_WARN_64_TO_32_BIT_CONVERSION = YES;
				GCC_WARN_ABOUT_RETURN_TYPE = YES_ERROR;
				GCC_WARN_UNDECLARED_SELECTOR = YES;
				GCC_WARN_UNINITIALIZED_AUTOS = YES_AGGRESSIVE;
				GCC_WARN_UNUSED_FUNCTION = YES;
				GCC_WARN_UNUSED_VARIABLE = YES;
				IPHONEOS_DEPLOYMENT_TARGET = 8.1;
				MTL_ENABLE_DEBUG_INFO = YES;
				ONLY_ACTIVE_ARCH = YES;
				SDKROOT = iphoneos;
				SWIFT_OPTIMIZATION_LEVEL = "-Onone";
				VALID_ARCHS = "armv7 armv7s arm64";
			};
			name = Debug;
		};
		86EC6EF01A86C3A000940D9F /* Release */ = {
			isa = XCBuildConfiguration;
			buildSettings = {
				ALWAYS_SEARCH_USER_PATHS = NO;
				CLANG_CXX_LANGUAGE_STANDARD = "gnu++0x";
				CLANG_CXX_LIBRARY = "libc++";
				CLANG_ENABLE_MODULES = YES;
				CLANG_ENABLE_OBJC_ARC = YES;
				CLANG_WARN_BOOL_CONVERSION = YES;
				CLANG_WARN_CONSTANT_CONVERSION = YES;
				CLANG_WARN_DIRECT_OBJC_ISA_USAGE = YES_ERROR;
				CLANG_WARN_EMPTY_BODY = YES;
				CLANG_WARN_ENUM_CONVERSION = YES;
				CLANG_WARN_INT_CONVERSION = YES;
				CLANG_WARN_OBJC_ROOT_CLASS = YES_ERROR;
				CLANG_WARN_UNREACHABLE_CODE = YES;
				CLANG_WARN__DUPLICATE_METHOD_MATCH = YES;
				"CODE_SIGN_IDENTITY[sdk=iphoneos*]" = "iPhone Developer";
				COPY_PHASE_STRIP = YES;
				ENABLE_NS_ASSERTIONS = NO;
				ENABLE_STRICT_OBJC_MSGSEND = YES;
				GCC_C_LANGUAGE_STANDARD = gnu99;
				GCC_WARN_64_TO_32_BIT_CONVERSION = YES;
				GCC_WARN_ABOUT_RETURN_TYPE = YES_ERROR;
				GCC_WARN_UNDECLARED_SELECTOR = YES;
				GCC_WARN_UNINITIALIZED_AUTOS = YES_AGGRESSIVE;
				GCC_WARN_UNUSED_FUNCTION = YES;
				GCC_WARN_UNUSED_VARIABLE = YES;
				IPHONEOS_DEPLOYMENT_TARGET = 8.1;
				MTL_ENABLE_DEBUG_INFO = NO;
				ONLY_ACTIVE_ARCH = NO;
				SDKROOT = iphoneos;
				VALIDATE_PRODUCT = YES;
				VALID_ARCHS = "armv7 armv7s arm64";
			};
			name = Release;
		};
		86EC6EF21A86C3A000940D9F /* Debug */ = {
			isa = XCBuildConfiguration;
			baseConfigurationReference = FAF23B6146A4CC5007D63A69 /* Pods.debug.xcconfig */;
			buildSettings = {
				ASSETCATALOG_COMPILER_APPICON_NAME = TheBiteMapAppIcon;
				CODE_SIGN_IDENTITY = "iPhone Developer";
				"CODE_SIGN_IDENTITY[sdk=*]" = "iPhone Developer: Shaobo Sun (YNWY265QV3)";
				"CODE_SIGN_IDENTITY[sdk=iphoneos*]" = "iPhone Developer";
				INFOPLIST_FILE = "$(SRCROOT)/TheBiteMap/Info.plist";
				LD_RUNPATH_SEARCH_PATHS = "$(inherited) @executable_path/Frameworks";
				PRODUCT_NAME = bitemap;
				PROVISIONING_PROFILE = "";
				SWIFT_OBJC_BRIDGING_HEADER = "TheBiteMap/Dropdown-mnm-Header.h";
				TARGETED_DEVICE_FAMILY = 1;
			};
			name = Debug;
		};
		86EC6EF31A86C3A000940D9F /* Release */ = {
			isa = XCBuildConfiguration;
			baseConfigurationReference = 5057F38A62ADB66B4FF16F86 /* Pods.release.xcconfig */;
			buildSettings = {
				ASSETCATALOG_COMPILER_APPICON_NAME = TheBiteMapAppIcon;
				CODE_SIGN_IDENTITY = "iPhone Developer";
				"CODE_SIGN_IDENTITY[sdk=iphoneos*]" = "iPhone Developer";
				INFOPLIST_FILE = "$(SRCROOT)/TheBiteMap/Info.plist";
				LD_RUNPATH_SEARCH_PATHS = "$(inherited) @executable_path/Frameworks";
				PRODUCT_NAME = bitemap;
				PROVISIONING_PROFILE = "";
				SWIFT_OBJC_BRIDGING_HEADER = "TheBiteMap/Dropdown-mnm-Header.h";
				TARGETED_DEVICE_FAMILY = 1;
			};
			name = Release;
		};
/* End XCBuildConfiguration section */

/* Begin XCConfigurationList section */
		86EC6ECD1A86C3A000940D9F /* Build configuration list for PBXProject "bitemap" */ = {
			isa = XCConfigurationList;
			buildConfigurations = (
				86EC6EEF1A86C3A000940D9F /* Debug */,
				86EC6EF01A86C3A000940D9F /* Release */,
			);
			defaultConfigurationIsVisible = 0;
			defaultConfigurationName = Release;
		};
		86EC6EF11A86C3A000940D9F /* Build configuration list for PBXNativeTarget "bitemap" */ = {
			isa = XCConfigurationList;
			buildConfigurations = (
				86EC6EF21A86C3A000940D9F /* Debug */,
				86EC6EF31A86C3A000940D9F /* Release */,
			);
			defaultConfigurationIsVisible = 0;
			defaultConfigurationName = Release;
		};
/* End XCConfigurationList section */

/* Begin XCVersionGroup section */
		8604D8AC1A994AB4004898BE /* CoreDataModel.xcdatamodeld */ = {
			isa = XCVersionGroup;
			children = (
				8604D8AD1A994AB4004898BE /* CoreDataModel.xcdatamodel */,
			);
			currentVersion = 8604D8AD1A994AB4004898BE /* CoreDataModel.xcdatamodel */;
			path = CoreDataModel.xcdatamodeld;
			sourceTree = "<group>";
			versionGroupType = wrapper.xcdatamodel;
		};
/* End XCVersionGroup section */
	};
	rootObject = 86EC6ECA1A86C3A000940D9F /* Project object */;
}
