// !$*UTF8*$!
{
	archiveVersion = 1;
	classes = {
	};
	objectVersion = 46;
	objects = {

/* Begin PBXBuildFile section */
		867414D31A8C6F2900203276 /* DropdownViewController.swift in Sources */ = {isa = PBXBuildFile; fileRef = 867414D21A8C6F2900203276 /* DropdownViewController.swift */; };
		86EC6ED81A86C3A000940D9F /* AppDelegate.swift in Sources */ = {isa = PBXBuildFile; fileRef = 86EC6ED71A86C3A000940D9F /* AppDelegate.swift */; };
		86EC6EDA1A86C3A000940D9F /* ViewController.swift in Sources */ = {isa = PBXBuildFile; fileRef = 86EC6ED91A86C3A000940D9F /* ViewController.swift */; };
		86EC6EDD1A86C3A000940D9F /* Main.storyboard in Resources */ = {isa = PBXBuildFile; fileRef = 86EC6EDB1A86C3A000940D9F /* Main.storyboard */; };
		86EC6EDF1A86C3A000940D9F /* Images.xcassets in Resources */ = {isa = PBXBuildFile; fileRef = 86EC6EDE1A86C3A000940D9F /* Images.xcassets */; };
		86EC6EE21A86C3A000940D9F /* LaunchScreen.xib in Resources */ = {isa = PBXBuildFile; fileRef = 86EC6EE01A86C3A000940D9F /* LaunchScreen.xib */; };
		86EC6EEE1A86C3A000940D9F /* Food_Truck_DemoTests.swift in Sources */ = {isa = PBXBuildFile; fileRef = 86EC6EED1A86C3A000940D9F /* Food_Truck_DemoTests.swift */; };
		86EC6EFE1A872FE900940D9F /* MapViewController.swift in Sources */ = {isa = PBXBuildFile; fileRef = 86EC6EFD1A872FE900940D9F /* MapViewController.swift */; };
		86EC6F001A87300500940D9F /* ContainerViewController.swift in Sources */ = {isa = PBXBuildFile; fileRef = 86EC6EFF1A87300500940D9F /* ContainerViewController.swift */; };
		86EC6F021A8815DC00940D9F /* TableViewController.swift in Sources */ = {isa = PBXBuildFile; fileRef = 86EC6F011A8815DC00940D9F /* TableViewController.swift */; };
		86EC6F041A881D6400940D9F /* MapKit.framework in Frameworks */ = {isa = PBXBuildFile; fileRef = 86EC6F031A881D6400940D9F /* MapKit.framework */; };
		86EC6F061A884BA900940D9F /* EmptySegue.swift in Sources */ = {isa = PBXBuildFile; fileRef = 86EC6F051A884BA900940D9F /* EmptySegue.swift */; };
		97E6FDBCA71FBC4A3BD91992 /* libPods.a in Frameworks */ = {isa = PBXBuildFile; fileRef = FA1F7C1919BB68F3FD579BED /* libPods.a */; };
/* End PBXBuildFile section */

/* Begin PBXContainerItemProxy section */
		86EC6EE81A86C3A000940D9F /* PBXContainerItemProxy */ = {
			isa = PBXContainerItemProxy;
			containerPortal = 86EC6ECA1A86C3A000940D9F /* Project object */;
			proxyType = 1;
			remoteGlobalIDString = 86EC6ED11A86C3A000940D9F;
			remoteInfo = "Food Truck Demo";
		};
/* End PBXContainerItemProxy section */

/* Begin PBXFileReference section */
		5057F38A62ADB66B4FF16F86 /* Pods.release.xcconfig */ = {isa = PBXFileReference; includeInIndex = 1; lastKnownFileType = text.xcconfig; name = Pods.release.xcconfig; path = "Pods/Target Support Files/Pods/Pods.release.xcconfig"; sourceTree = "<group>"; };
		867414D21A8C6F2900203276 /* DropdownViewController.swift */ = {isa = PBXFileReference; fileEncoding = 4; lastKnownFileType = sourcecode.swift; path = DropdownViewController.swift; sourceTree = "<group>"; };
		867414D41A8C710700203276 /* Dropdown-mnm-Header.h */ = {isa = PBXFileReference; fileEncoding = 4; lastKnownFileType = sourcecode.c.h; path = "Dropdown-mnm-Header.h"; sourceTree = "<group>"; };
		86EC6ED21A86C3A000940D9F /* Food Truck Demo.app */ = {isa = PBXFileReference; explicitFileType = wrapper.application; includeInIndex = 0; path = "Food Truck Demo.app"; sourceTree = BUILT_PRODUCTS_DIR; };
		86EC6ED61A86C3A000940D9F /* Info.plist */ = {isa = PBXFileReference; lastKnownFileType = text.plist.xml; path = Info.plist; sourceTree = "<group>"; };
		86EC6ED71A86C3A000940D9F /* AppDelegate.swift */ = {isa = PBXFileReference; lastKnownFileType = sourcecode.swift; path = AppDelegate.swift; sourceTree = "<group>"; };
		86EC6ED91A86C3A000940D9F /* ViewController.swift */ = {isa = PBXFileReference; lastKnownFileType = sourcecode.swift; path = ViewController.swift; sourceTree = "<group>"; };
		86EC6EDC1A86C3A000940D9F /* Base */ = {isa = PBXFileReference; lastKnownFileType = file.storyboard; name = Base; path = Base.lproj/Main.storyboard; sourceTree = "<group>"; };
		86EC6EDE1A86C3A000940D9F /* Images.xcassets */ = {isa = PBXFileReference; lastKnownFileType = folder.assetcatalog; path = Images.xcassets; sourceTree = "<group>"; };
		86EC6EE11A86C3A000940D9F /* Base */ = {isa = PBXFileReference; lastKnownFileType = file.xib; name = Base; path = Base.lproj/LaunchScreen.xib; sourceTree = "<group>"; };
		86EC6EE71A86C3A000940D9F /* Food Truck DemoTests.xctest */ = {isa = PBXFileReference; explicitFileType = wrapper.cfbundle; includeInIndex = 0; path = "Food Truck DemoTests.xctest"; sourceTree = BUILT_PRODUCTS_DIR; };
		86EC6EEC1A86C3A000940D9F /* Info.plist */ = {isa = PBXFileReference; lastKnownFileType = text.plist.xml; path = Info.plist; sourceTree = "<group>"; };
		86EC6EED1A86C3A000940D9F /* Food_Truck_DemoTests.swift */ = {isa = PBXFileReference; lastKnownFileType = sourcecode.swift; path = Food_Truck_DemoTests.swift; sourceTree = "<group>"; };
		86EC6EFD1A872FE900940D9F /* MapViewController.swift */ = {isa = PBXFileReference; fileEncoding = 4; lastKnownFileType = sourcecode.swift; path = MapViewController.swift; sourceTree = "<group>"; };
		86EC6EFF1A87300500940D9F /* ContainerViewController.swift */ = {isa = PBXFileReference; fileEncoding = 4; lastKnownFileType = sourcecode.swift; path = ContainerViewController.swift; sourceTree = "<group>"; };
		86EC6F011A8815DC00940D9F /* TableViewController.swift */ = {isa = PBXFileReference; fileEncoding = 4; lastKnownFileType = sourcecode.swift; path = TableViewController.swift; sourceTree = "<group>"; };
		86EC6F031A881D6400940D9F /* MapKit.framework */ = {isa = PBXFileReference; lastKnownFileType = wrapper.framework; name = MapKit.framework; path = System/Library/Frameworks/MapKit.framework; sourceTree = SDKROOT; };
		86EC6F051A884BA900940D9F /* EmptySegue.swift */ = {isa = PBXFileReference; fileEncoding = 4; lastKnownFileType = sourcecode.swift; path = EmptySegue.swift; sourceTree = "<group>"; };
		FA1F7C1919BB68F3FD579BED /* libPods.a */ = {isa = PBXFileReference; explicitFileType = archive.ar; includeInIndex = 0; path = libPods.a; sourceTree = BUILT_PRODUCTS_DIR; };
		FAF23B6146A4CC5007D63A69 /* Pods.debug.xcconfig */ = {isa = PBXFileReference; includeInIndex = 1; lastKnownFileType = text.xcconfig; name = Pods.debug.xcconfig; path = "Pods/Target Support Files/Pods/Pods.debug.xcconfig"; sourceTree = "<group>"; };
/* End PBXFileReference section */

/* Begin PBXFrameworksBuildPhase section */
		86EC6ECF1A86C3A000940D9F /* Frameworks */ = {
			isa = PBXFrameworksBuildPhase;
			buildActionMask = 2147483647;
			files = (
				86EC6F041A881D6400940D9F /* MapKit.framework in Frameworks */,
				97E6FDBCA71FBC4A3BD91992 /* libPods.a in Frameworks */,
			);
			runOnlyForDeploymentPostprocessing = 0;
		};
		86EC6EE41A86C3A000940D9F /* Frameworks */ = {
			isa = PBXFrameworksBuildPhase;
			buildActionMask = 2147483647;
			files = (
			);
			runOnlyForDeploymentPostprocessing = 0;
		};
/* End PBXFrameworksBuildPhase section */

/* Begin PBXGroup section */
		2A6B5286A3361B52CF43DD15 /* Pods */ = {
			isa = PBXGroup;
			children = (
				FAF23B6146A4CC5007D63A69 /* Pods.debug.xcconfig */,
				5057F38A62ADB66B4FF16F86 /* Pods.release.xcconfig */,
			);
			name = Pods;
			sourceTree = "<group>";
		};
		86EC6EC91A86C3A000940D9F = {
			isa = PBXGroup;
			children = (
				86EC6F031A881D6400940D9F /* MapKit.framework */,
				86EC6ED41A86C3A000940D9F /* Food Truck Demo */,
				86EC6EEA1A86C3A000940D9F /* Food Truck DemoTests */,
				86EC6ED31A86C3A000940D9F /* Products */,
				2A6B5286A3361B52CF43DD15 /* Pods */,
				FD382980F2B97091ABA7F36D /* Frameworks */,
			);
			sourceTree = "<group>";
		};
		86EC6ED31A86C3A000940D9F /* Products */ = {
			isa = PBXGroup;
			children = (
				86EC6ED21A86C3A000940D9F /* Food Truck Demo.app */,
				86EC6EE71A86C3A000940D9F /* Food Truck DemoTests.xctest */,
			);
			name = Products;
			sourceTree = "<group>";
		};
		86EC6ED41A86C3A000940D9F /* Food Truck Demo */ = {
			isa = PBXGroup;
			children = (
				867414D21A8C6F2900203276 /* DropdownViewController.swift */,
				86EC6ED71A86C3A000940D9F /* AppDelegate.swift */,
				86EC6ED91A86C3A000940D9F /* ViewController.swift */,
				86EC6EDB1A86C3A000940D9F /* Main.storyboard */,
				86EC6EDE1A86C3A000940D9F /* Images.xcassets */,
				86EC6EE01A86C3A000940D9F /* LaunchScreen.xib */,
				86EC6ED51A86C3A000940D9F /* Supporting Files */,
				86EC6EFD1A872FE900940D9F /* MapViewController.swift */,
				86EC6EFF1A87300500940D9F /* ContainerViewController.swift */,
				86EC6F011A8815DC00940D9F /* TableViewController.swift */,
				86EC6F051A884BA900940D9F /* EmptySegue.swift */,
				867414D41A8C710700203276 /* Dropdown-mnm-Header.h */,
			);
			path = "Food Truck Demo";
			sourceTree = "<group>";
		};
		86EC6ED51A86C3A000940D9F /* Supporting Files */ = {
			isa = PBXGroup;
			children = (
				86EC6ED61A86C3A000940D9F /* Info.plist */,
			);
			name = "Supporting Files";
			sourceTree = "<group>";
		};
		86EC6EEA1A86C3A000940D9F /* Food Truck DemoTests */ = {
			isa = PBXGroup;
			children = (
				86EC6EED1A86C3A000940D9F /* Food_Truck_DemoTests.swift */,
				86EC6EEB1A86C3A000940D9F /* Supporting Files */,
			);
			path = "Food Truck DemoTests";
			sourceTree = "<group>";
		};
		86EC6EEB1A86C3A000940D9F /* Supporting Files */ = {
			isa = PBXGroup;
			children = (
				86EC6EEC1A86C3A000940D9F /* Info.plist */,
			);
			name = "Supporting Files";
			sourceTree = "<group>";
		};
		FD382980F2B97091ABA7F36D /* Frameworks */ = {
			isa = PBXGroup;
			children = (
				FA1F7C1919BB68F3FD579BED /* libPods.a */,
			);
			name = Frameworks;
			sourceTree = "<group>";
		};
/* End PBXGroup section */

/* Begin PBXNativeTarget section */
		86EC6ED11A86C3A000940D9F /* Food Truck Demo */ = {
			isa = PBXNativeTarget;
			buildConfigurationList = 86EC6EF11A86C3A000940D9F /* Build configuration list for PBXNativeTarget "Food Truck Demo" */;
			buildPhases = (
				974BA1DDBEC62A9983549224 /* Check Pods Manifest.lock */,
				86EC6ECE1A86C3A000940D9F /* Sources */,
				86EC6ECF1A86C3A000940D9F /* Frameworks */,
				86EC6ED01A86C3A000940D9F /* Resources */,
				35396E461F610B7AC54038F3 /* Copy Pods Resources */,
			);
			buildRules = (
			);
			dependencies = (
			);
			name = "Food Truck Demo";
			productName = "Food Truck Demo";
			productReference = 86EC6ED21A86C3A000940D9F /* Food Truck Demo.app */;
			productType = "com.apple.product-type.application";
		};
		86EC6EE61A86C3A000940D9F /* Food Truck DemoTests */ = {
			isa = PBXNativeTarget;
			buildConfigurationList = 86EC6EF41A86C3A000940D9F /* Build configuration list for PBXNativeTarget "Food Truck DemoTests" */;
			buildPhases = (
				86EC6EE31A86C3A000940D9F /* Sources */,
				86EC6EE41A86C3A000940D9F /* Frameworks */,
				86EC6EE51A86C3A000940D9F /* Resources */,
			);
			buildRules = (
			);
			dependencies = (
				86EC6EE91A86C3A000940D9F /* PBXTargetDependency */,
			);
			name = "Food Truck DemoTests";
			productName = "Food Truck DemoTests";
			productReference = 86EC6EE71A86C3A000940D9F /* Food Truck DemoTests.xctest */;
			productType = "com.apple.product-type.bundle.unit-test";
		};
/* End PBXNativeTarget section */

/* Begin PBXProject section */
		86EC6ECA1A86C3A000940D9F /* Project object */ = {
			isa = PBXProject;
			attributes = {
				LastUpgradeCheck = 0610;
				ORGANIZATIONNAME = "Shaobo Sun";
				TargetAttributes = {
					86EC6ED11A86C3A000940D9F = {
						CreatedOnToolsVersion = 6.1.1;
					};
					86EC6EE61A86C3A000940D9F = {
						CreatedOnToolsVersion = 6.1.1;
						TestTargetID = 86EC6ED11A86C3A000940D9F;
					};
				};
			};
			buildConfigurationList = 86EC6ECD1A86C3A000940D9F /* Build configuration list for PBXProject "Food Truck Demo" */;
			compatibilityVersion = "Xcode 3.2";
			developmentRegion = English;
			hasScannedForEncodings = 0;
			knownRegions = (
				en,
				Base,
			);
			mainGroup = 86EC6EC91A86C3A000940D9F;
			productRefGroup = 86EC6ED31A86C3A000940D9F /* Products */;
			projectDirPath = "";
			projectRoot = "";
			targets = (
				86EC6ED11A86C3A000940D9F /* Food Truck Demo */,
				86EC6EE61A86C3A000940D9F /* Food Truck DemoTests */,
			);
		};
/* End PBXProject section */

/* Begin PBXResourcesBuildPhase section */
		86EC6ED01A86C3A000940D9F /* Resources */ = {
			isa = PBXResourcesBuildPhase;
			buildActionMask = 2147483647;
			files = (
				86EC6EDD1A86C3A000940D9F /* Main.storyboard in Resources */,
				86EC6EE21A86C3A000940D9F /* LaunchScreen.xib in Resources */,
				86EC6EDF1A86C3A000940D9F /* Images.xcassets in Resources */,
			);
			runOnlyForDeploymentPostprocessing = 0;
		};
		86EC6EE51A86C3A000940D9F /* Resources */ = {
			isa = PBXResourcesBuildPhase;
			buildActionMask = 2147483647;
			files = (
			);
			runOnlyForDeploymentPostprocessing = 0;
		};
/* End PBXResourcesBuildPhase section */

/* Begin PBXShellScriptBuildPhase section */
		35396E461F610B7AC54038F3 /* Copy Pods Resources */ = {
			isa = PBXShellScriptBuildPhase;
			buildActionMask = 2147483647;
			files = (
			);
			inputPaths = (
			);
			name = "Copy Pods Resources";
			outputPaths = (
			);
			runOnlyForDeploymentPostprocessing = 0;
			shellPath = /bin/sh;
			shellScript = "\"${SRCROOT}/Pods/Target Support Files/Pods/Pods-resources.sh\"\n";
			showEnvVarsInLog = 0;
		};
		974BA1DDBEC62A9983549224 /* Check Pods Manifest.lock */ = {
			isa = PBXShellScriptBuildPhase;
			buildActionMask = 2147483647;
			files = (
			);
			inputPaths = (
			);
			name = "Check Pods Manifest.lock";
			outputPaths = (
			);
			runOnlyForDeploymentPostprocessing = 0;
			shellPath = /bin/sh;
			shellScript = "diff \"${PODS_ROOT}/../Podfile.lock\" \"${PODS_ROOT}/Manifest.lock\" > /dev/null\nif [[ $? != 0 ]] ; then\n    cat << EOM\nerror: The sandbox is not in sync with the Podfile.lock. Run 'pod install' or update your CocoaPods installation.\nEOM\n    exit 1\nfi\n";
			showEnvVarsInLog = 0;
		};
/* End PBXShellScriptBuildPhase section */

/* Begin PBXSourcesBuildPhase section */
		86EC6ECE1A86C3A000940D9F /* Sources */ = {
			isa = PBXSourcesBuildPhase;
			buildActionMask = 2147483647;
			files = (
				86EC6EDA1A86C3A000940D9F /* ViewController.swift in Sources */,
				86EC6F001A87300500940D9F /* ContainerViewController.swift in Sources */,
				86EC6ED81A86C3A000940D9F /* AppDelegate.swift in Sources */,
				86EC6F021A8815DC00940D9F /* TableViewController.swift in Sources */,
				86EC6EFE1A872FE900940D9F /* MapViewController.swift in Sources */,
				867414D31A8C6F2900203276 /* DropdownViewController.swift in Sources */,
				86EC6F061A884BA900940D9F /* EmptySegue.swift in Sources */,
			);
			runOnlyForDeploymentPostprocessing = 0;
		};
		86EC6EE31A86C3A000940D9F /* Sources */ = {
			isa = PBXSourcesBuildPhase;
			buildActionMask = 2147483647;
			files = (
				86EC6EEE1A86C3A000940D9F /* Food_Truck_DemoTests.swift in Sources */,
			);
			runOnlyForDeploymentPostprocessing = 0;
		};
/* End PBXSourcesBuildPhase section */

/* Begin PBXTargetDependency section */
		86EC6EE91A86C3A000940D9F /* PBXTargetDependency */ = {
			isa = PBXTargetDependency;
			target = 86EC6ED11A86C3A000940D9F /* Food Truck Demo */;
			targetProxy = 86EC6EE81A86C3A000940D9F /* PBXContainerItemProxy */;
		};
/* End PBXTargetDependency section */

/* Begin PBXVariantGroup section */
		86EC6EDB1A86C3A000940D9F /* Main.storyboard */ = {
			isa = PBXVariantGroup;
			children = (
				86EC6EDC1A86C3A000940D9F /* Base */,
			);
			name = Main.storyboard;
			sourceTree = "<group>";
		};
		86EC6EE01A86C3A000940D9F /* LaunchScreen.xib */ = {
			isa = PBXVariantGroup;
			children = (
				86EC6EE11A86C3A000940D9F /* Base */,
			);
			name = LaunchScreen.xib;
			sourceTree = "<group>";
		};
/* End PBXVariantGroup section */

/* Begin XCBuildConfiguration section */
		86EC6EEF1A86C3A000940D9F /* Debug */ = {
			isa = XCBuildConfiguration;
			buildSettings = {
				ALWAYS_SEARCH_USER_PATHS = NO;
				CLANG_CXX_LANGUAGE_STANDARD = "gnu++0x";
				CLANG_CXX_LIBRARY = "libc++";
				CLANG_ENABLE_MODULES = YES;
				CLANG_ENABLE_OBJC_ARC = YES;
				CLANG_WARN_BOOL_CONVERSION = YES;
				CLANG_WARN_CONSTANT_CONVERSION = YES;
				CLANG_WARN_DIRECT_OBJC_ISA_USAGE = YES_ERROR;
				CLANG_WARN_EMPTY_BODY = YES;
				CLANG_WARN_ENUM_CONVERSION = YES;
				CLANG_WARN_INT_CONVERSION = YES;
				CLANG_WARN_OBJC_ROOT_CLASS = YES_ERROR;
				CLANG_WARN_UNREACHABLE_CODE = YES;
				CLANG_WARN__DUPLICATE_METHOD_MATCH = YES;
				"CODE_SIGN_IDENTITY[sdk=iphoneos*]" = "iPhone Developer";
				COPY_PHASE_STRIP = NO;
				ENABLE_STRICT_OBJC_MSGSEND = YES;
				GCC_C_LANGUAGE_STANDARD = gnu99;
				GCC_DYNAMIC_NO_PIC = NO;
				GCC_OPTIMIZATION_LEVEL = 0;
				GCC_PREPROCESSOR_DEFINITIONS = (
					"DEBUG=1",
					"$(inherited)",
				);
				GCC_SYMBOLS_PRIVATE_EXTERN = NO;
				GCC_WARN_64_TO_32_BIT_CONVERSION = YES;
				GCC_WARN_ABOUT_RETURN_TYPE = YES_ERROR;
				GCC_WARN_UNDECLARED_SELECTOR = YES;
				GCC_WARN_UNINITIALIZED_AUTOS = YES_AGGRESSIVE;
				GCC_WARN_UNUSED_FUNCTION = YES;
				GCC_WARN_UNUSED_VARIABLE = YES;
				IPHONEOS_DEPLOYMENT_TARGET = 8.1;
				MTL_ENABLE_DEBUG_INFO = YES;
				ONLY_ACTIVE_ARCH = YES;
				SDKROOT = iphoneos;
				SWIFT_OPTIMIZATION_LEVEL = "-Onone";
			};
			name = Debug;
		};
		86EC6EF01A86C3A000940D9F /* Release */ = {
			isa = XCBuildConfiguration;
			buildSettings = {
				ALWAYS_SEARCH_USER_PATHS = NO;
				CLANG_CXX_LANGUAGE_STANDARD = "gnu++0x";
				CLANG_CXX_LIBRARY = "libc++";
				CLANG_ENABLE_MODULES = YES;
				CLANG_ENABLE_OBJC_ARC = YES;
				CLANG_WARN_BOOL_CONVERSION = YES;
				CLANG_WARN_CONSTANT_CONVERSION = YES;
				CLANG_WARN_DIRECT_OBJC_ISA_USAGE = YES_ERROR;
				CLANG_WARN_EMPTY_BODY = YES;
				CLANG_WARN_ENUM_CONVERSION = YES;
				CLANG_WARN_INT_CONVERSION = YES;
				CLANG_WARN_OBJC_ROOT_CLASS = YES_ERROR;
				CLANG_WARN_UNREACHABLE_CODE = YES;
				CLANG_WARN__DUPLICATE_METHOD_MATCH = YES;
				"CODE_SIGN_IDENTITY[sdk=iphoneos*]" = "iPhone Developer";
				COPY_PHASE_STRIP = YES;
				ENABLE_NS_ASSERTIONS = NO;
				ENABLE_STRICT_OBJC_MSGSEND = YES;
				GCC_C_LANGUAGE_STANDARD = gnu99;
				GCC_WARN_64_TO_32_BIT_CONVERSION = YES;
				GCC_WARN_ABOUT_RETURN_TYPE = YES_ERROR;
				GCC_WARN_UNDECLARED_SELECTOR = YES;
				GCC_WARN_UNINITIALIZED_AUTOS = YES_AGGRESSIVE;
				GCC_WARN_UNUSED_FUNCTION = YES;
				GCC_WARN_UNUSED_VARIABLE = YES;
				IPHONEOS_DEPLOYMENT_TARGET = 8.1;
				MTL_ENABLE_DEBUG_INFO = NO;
				SDKROOT = iphoneos;
				VALIDATE_PRODUCT = YES;
			};
			name = Release;
		};
		86EC6EF21A86C3A000940D9F /* Debug */ = {
			isa = XCBuildConfiguration;
			baseConfigurationReference = FAF23B6146A4CC5007D63A69 /* Pods.debug.xcconfig */;
			buildSettings = {
				ASSETCATALOG_COMPILER_APPICON_NAME = AppIcon;
				INFOPLIST_FILE = "Food Truck Demo/Info.plist";
				LD_RUNPATH_SEARCH_PATHS = "$(inherited) @executable_path/Frameworks";
				PRODUCT_NAME = "$(TARGET_NAME)";
				SWIFT_OBJC_BRIDGING_HEADER = "Food Truck Demo/Dropdown-mnm-Header.h";
			};
			name = Debug;
		};
		86EC6EF31A86C3A000940D9F /* Release */ = {
			isa = XCBuildConfiguration;
			baseConfigurationReference = 5057F38A62ADB66B4FF16F86 /* Pods.release.xcconfig */;
			buildSettings = {
				ASSETCATALOG_COMPILER_APPICON_NAME = AppIcon;
				INFOPLIST_FILE = "Food Truck Demo/Info.plist";
				LD_RUNPATH_SEARCH_PATHS = "$(inherited) @executable_path/Frameworks";
				PRODUCT_NAME = "$(TARGET_NAME)";
				SWIFT_OBJC_BRIDGING_HEADER = "Food Truck Demo/Dropdown-mnm-Header.h";
			};
			name = Release;
		};
		86EC6EF51A86C3A000940D9F /* Debug */ = {
			isa = XCBuildConfiguration;
			buildSettings = {
				BUNDLE_LOADER = "$(TEST_HOST)";
				FRAMEWORK_SEARCH_PATHS = (
					"$(SDKROOT)/Developer/Library/Frameworks",
					"$(inherited)",
				);
				GCC_PREPROCESSOR_DEFINITIONS = (
					"DEBUG=1",
					"$(inherited)",
				);
				INFOPLIST_FILE = "Food Truck DemoTests/Info.plist";
				LD_RUNPATH_SEARCH_PATHS = "$(inherited) @executable_path/Frameworks @loader_path/Frameworks";
				PRODUCT_NAME = "$(TARGET_NAME)";
				TEST_HOST = "$(BUILT_PRODUCTS_DIR)/Food Truck Demo.app/Food Truck Demo";
			};
			name = Debug;
		};
		86EC6EF61A86C3A000940D9F /* Release */ = {
			isa = XCBuildConfiguration;
			buildSettings = {
				BUNDLE_LOADER = "$(TEST_HOST)";
				FRAMEWORK_SEARCH_PATHS = (
					"$(SDKROOT)/Developer/Library/Frameworks",
					"$(inherited)",
				);
				INFOPLIST_FILE = "Food Truck DemoTests/Info.plist";
				LD_RUNPATH_SEARCH_PATHS = "$(inherited) @executable_path/Frameworks @loader_path/Frameworks";
				PRODUCT_NAME = "$(TARGET_NAME)";
				TEST_HOST = "$(BUILT_PRODUCTS_DIR)/Food Truck Demo.app/Food Truck Demo";
			};
			name = Release;
		};
/* End XCBuildConfiguration section */

/* Begin XCConfigurationList section */
		86EC6ECD1A86C3A000940D9F /* Build configuration list for PBXProject "Food Truck Demo" */ = {
			isa = XCConfigurationList;
			buildConfigurations = (
				86EC6EEF1A86C3A000940D9F /* Debug */,
				86EC6EF01A86C3A000940D9F /* Release */,
			);
			defaultConfigurationIsVisible = 0;
			defaultConfigurationName = Release;
		};
		86EC6EF11A86C3A000940D9F /* Build configuration list for PBXNativeTarget "Food Truck Demo" */ = {
			isa = XCConfigurationList;
			buildConfigurations = (
				86EC6EF21A86C3A000940D9F /* Debug */,
				86EC6EF31A86C3A000940D9F /* Release */,
			);
			defaultConfigurationIsVisible = 0;
			defaultConfigurationName = Release;
		};
		86EC6EF41A86C3A000940D9F /* Build configuration list for PBXNativeTarget "Food Truck DemoTests" */ = {
			isa = XCConfigurationList;
			buildConfigurations = (
				86EC6EF51A86C3A000940D9F /* Debug */,
				86EC6EF61A86C3A000940D9F /* Release */,
			);
			defaultConfigurationIsVisible = 0;
			defaultConfigurationName = Release;
		};
/* End XCConfigurationList section */
	};
	rootObject = 86EC6ECA1A86C3A000940D9F /* Project object */;
}
